
Microsoft Visual Studio Solution File, Format Version 11.00
# Visual C# Express 2010
Project("{FAE04EC0-301F-11D3-BF4B-00C04F79EFBC}") = "AlgoQuestEnterpriseManager", "AlgoQuestEnterpriseManager\AlgoQuestEnterpriseManager.csproj", "{66C580DA-2ED8-4395-98EB-4E3542CA138E}"
EndProject
Project("{FAE04EC0-301F-11D3-BF4B-00C04F79EFBC}") = "AlgoQuestEnterpriseManagerCustomActionsSetup", "AlgoQuestEnterpriseManagerCustomActionsSetup\AlgoQuestEnterpriseManagerCustomActionsSetup.csproj", "{25CF5AED-C131-4C39-9A9E-CBFD13A3279B}"
EndProject
Global
	GlobalSection(SolutionConfigurationPlatforms) = preSolution
		Debug|Any CPU = Debug|Any CPU
		Debug|Mixed Platforms = Debug|Mixed Platforms
		Debug|x64 = Debug|x64
		Debug|x86 = Debug|x86
		Release|Any CPU = Release|Any CPU
		Release|Mixed Platforms = Release|Mixed Platforms
		Release|x64 = Release|x64
		Release|x86 = Release|x86
		X64|Any CPU = X64|Any CPU
		X64|Mixed Platforms = X64|Mixed Platforms
		X64|x64 = X64|x64
		X64|x86 = X64|x86
	EndGlobalSection
	GlobalSection(ProjectConfigurationPlatforms) = postSolution
		{66C580DA-2ED8-4395-98EB-4E3542CA138E}.Debug|Any CPU.ActiveCfg = Debug|x86
		{66C580DA-2ED8-4395-98EB-4E3542CA138E}.Debug|Any CPU.Build.0 = Debug|x86
		{66C580DA-2ED8-4395-98EB-4E3542CA138E}.Debug|Mixed Platforms.ActiveCfg = Debug|x64
		{66C580DA-2ED8-4395-98EB-4E3542CA138E}.Debug|Mixed Platforms.Build.0 = Debug|x64
		{66C580DA-2ED8-4395-98EB-4E3542CA138E}.Debug|x64.ActiveCfg = Debug|x64
		{66C580DA-2ED8-4395-98EB-4E3542CA138E}.Debug|x64.Build.0 = Debug|x64
		{66C580DA-2ED8-4395-98EB-4E3542CA138E}.Debug|x86.ActiveCfg = Debug|x86
		{66C580DA-2ED8-4395-98EB-4E3542CA138E}.Debug|x86.Build.0 = Debug|x86
		{66C580DA-2ED8-4395-98EB-4E3542CA138E}.Release|Any CPU.ActiveCfg = Release|x86
		{66C580DA-2ED8-4395-98EB-4E3542CA138E}.Release|Mixed Platforms.ActiveCfg = Release|x64
		{66C580DA-2ED8-4395-98EB-4E3542CA138E}.Release|Mixed Platforms.Build.0 = Release|x64
		{66C580DA-2ED8-4395-98EB-4E3542CA138E}.Release|x64.ActiveCfg = Release|x64
		{66C580DA-2ED8-4395-98EB-4E3542CA138E}.Release|x64.Build.0 = Release|x64
		{66C580DA-2ED8-4395-98EB-4E3542CA138E}.Release|x86.ActiveCfg = Release|x86
		{66C580DA-2ED8-4395-98EB-4E3542CA138E}.Release|x86.Build.0 = Release|x86
		{66C580DA-2ED8-4395-98EB-4E3542CA138E}.X64|Any CPU.ActiveCfg = Release|x86
		{66C580DA-2ED8-4395-98EB-4E3542CA138E}.X64|Mixed Platforms.ActiveCfg = Release|x64
		{66C580DA-2ED8-4395-98EB-4E3542CA138E}.X64|Mixed Platforms.Build.0 = Release|x64
		{66C580DA-2ED8-4395-98EB-4E3542CA138E}.X64|x64.ActiveCfg = Release|x64
		{66C580DA-2ED8-4395-98EB-4E3542CA138E}.X64|x64.Build.0 = Release|x64
		{66C580DA-2ED8-4395-98EB-4E3542CA138E}.X64|x86.ActiveCfg = Debug|x86
		{66C580DA-2ED8-4395-98EB-4E3542CA138E}.X64|x86.Build.0 = Debug|x86
		{25CF5AED-C131-4C39-9A9E-CBFD13A3279B}.Debug|Any CPU.ActiveCfg = Debug|Any CPU
		{25CF5AED-C131-4C39-9A9E-CBFD13A3279B}.Debug|Any CPU.Build.0 = Debug|Any CPU
		{25CF5AED-C131-4C39-9A9E-CBFD13A3279B}.Debug|Mixed Platforms.ActiveCfg = Debug|Any CPU
		{25CF5AED-C131-4C39-9A9E-CBFD13A3279B}.Debug|x64.ActiveCfg = Debug|Any CPU
		{25CF5AED-C131-4C39-9A9E-CBFD13A3279B}.Debug|x86.ActiveCfg = Debug|Any CPU
		{25CF5AED-C131-4C39-9A9E-CBFD13A3279B}.Release|Any CPU.ActiveCfg = Release|Any CPU
		{25CF5AED-C131-4C39-9A9E-CBFD13A3279B}.Release|Any CPU.Build.0 = Release|Any CPU
		{25CF5AED-C131-4C39-9A9E-CBFD13A3279B}.Release|Mixed Platforms.ActiveCfg = Release|x64
		{25CF5AED-C131-4C39-9A9E-CBFD13A3279B}.Release|Mixed Platforms.Build.0 = Release|x64
		{25CF5AED-C131-4C39-9A9E-CBFD13A3279B}.Release|x64.ActiveCfg = Release|x64
		{25CF5AED-C131-4C39-9A9E-CBFD13A3279B}.Release|x86.ActiveCfg = Release|Any CPU
		{25CF5AED-C131-4C39-9A9E-CBFD13A3279B}.X64|Any CPU.ActiveCfg = Release|Any CPU
		{25CF5AED-C131-4C39-9A9E-CBFD13A3279B}.X64|Any CPU.Build.0 = Release|Any CPU
		{25CF5AED-C131-4C39-9A9E-CBFD13A3279B}.X64|Mixed Platforms.ActiveCfg = Release|Any CPU
		{25CF5AED-C131-4C39-9A9E-CBFD13A3279B}.X64|Mixed Platforms.Build.0 = Release|Any CPU
		{25CF5AED-C131-4C39-9A9E-CBFD13A3279B}.X64|x64.ActiveCfg = Release|Any CPU
		{25CF5AED-C131-4C39-9A9E-CBFD13A3279B}.X64|x86.ActiveCfg = Release|Any CPU
	EndGlobalSection
	GlobalSection(SolutionProperties) = preSolution
		HideSolutionNode = FALSE
	EndGlobalSection
	GlobalSection(SubversionScc) = preSolution
		Svn-Managed = True
		Manager = AnkhSVN - Subversion Support for Visual Studio
	EndGlobalSection
EndGlobal
