<?xml version="1.0" encoding="utf-8"?>
<Project ToolsVersion="4.0" xmlns="http://schemas.microsoft.com/developer/msbuild/2003">
  <ItemGroup>
    <Filter Include="Source Files">
      <UniqueIdentifier>{d378e7e7-fbbf-4708-9290-7b5a47ec1caf}</UniqueIdentifier>
      <Extensions>cpp;c;cxx;rc;def;r;odl;idl;hpj;bat</Extensions>
    </Filter>
    <Filter Include="Header Files">
      <UniqueIdentifier>{9c5329b9-765e-45be-ad6d-b2f1227906e2}</UniqueIdentifier>
      <Extensions>h;hpp;hxx;hm;inl</Extensions>
    </Filter>
    <Filter Include="Resource Files">
      <UniqueIdentifier>{5504b763-978b-452b-b802-34a8b1884628}</UniqueIdentifier>
      <Extensions>ico;cur;bmp;dlg;rc2;rct;bin;rgs;gif;jpg;jpeg;jpe</Extensions>
    </Filter>
    <Filter Include="Header Files\aq">
      <UniqueIdentifier>{b0025f2a-3f8a-4b0c-a003-114d3fd2f6ba}</UniqueIdentifier>
    </Filter>
    <Filter Include="Header Files\aq\db_loader">
      <UniqueIdentifier>{bb763e25-936b-41c6-ab2f-c3fe05f86fdf}</UniqueIdentifier>
    </Filter>
    <Filter Include="Header Files\aq\verbs">
      <UniqueIdentifier>{277feae8-3ff8-46a8-8f1c-936e1b4ce1ee}</UniqueIdentifier>
    </Filter>
    <Filter Include="Source Files\aq">
      <UniqueIdentifier>{6e17267d-a33d-42b1-acd5-aecc7d6a2540}</UniqueIdentifier>
    </Filter>
    <Filter Include="Source Files\aq\db_loader">
      <UniqueIdentifier>{43795154-a9ed-41d1-be30-5aecb68f83d0}</UniqueIdentifier>
    </Filter>
    <Filter Include="Source Files\aq\verbs">
      <UniqueIdentifier>{b4c5082d-51d5-48d8-b9fa-93fbf352a5ba}</UniqueIdentifier>
    </Filter>
    <Filter Include="Header Files\aq\parser">
      <UniqueIdentifier>{bfecb335-152c-40b2-95f9-511a1e3578a9}</UniqueIdentifier>
    </Filter>
    <Filter Include="Source Files\aq\parser">
      <UniqueIdentifier>{216ac17a-0f88-4cdc-8907-67084daa11d3}</UniqueIdentifier>
    </Filter>
    <Filter Include="Header Files\aq\base">
      <UniqueIdentifier>{bb9258fb-e301-4482-a126-13b813031dfe}</UniqueIdentifier>
    </Filter>
    <Filter Include="Source Files\aq\base">
      <UniqueIdentifier>{eea2bae9-b1f4-48e5-83e1-38899cd3483e}</UniqueIdentifier>
    </Filter>
    <Filter Include="Source Files\aq\row_solver">
      <UniqueIdentifier>{fca227bb-f943-4b1c-9979-91825e4166a4}</UniqueIdentifier>
    </Filter>
    <Filter Include="Header Files\aq\row_solver">
      <UniqueIdentifier>{bb257299-78d1-4605-a8ae-8c541fe3c702}</UniqueIdentifier>
    </Filter>
  </ItemGroup>
  <ItemGroup>
    <None Include="Generate_Parser.bat">
      <Filter>Resource Files</Filter>
    </None>
    <None Include="aq\parser\SQL92_Grm.y">
      <Filter>Source Files\aq\parser</Filter>
    </None>
    <None Include="aq\parser\SQL92_Tok.l">
      <Filter>Source Files\aq\parser</Filter>
    </None>
  </ItemGroup>
  <ItemGroup>
    <ResourceCompile Include="AQQueryResolver.rc">
      <Filter>Resource Files</Filter>
    </ResourceCompile>
  </ItemGroup>
  <ItemGroup>
    <ClInclude Include="aq\AQEngine.h">
      <Filter>Header Files\aq</Filter>
    </ClInclude>
    <ClInclude Include="aq\AQEngine_Intf.h">
      <Filter>Header Files\aq</Filter>
    </ClInclude>
    <ClInclude Include="aq\AQMatrix.h">
      <Filter>Header Files\aq</Filter>
    </ClInclude>
    <ClInclude Include="aq\ColumnItem.h">
      <Filter>Header Files\aq</Filter>
    </ClInclude>
    <ClInclude Include="aq\ColumnMapper.h">
      <Filter>Header Files\aq</Filter>
    </ClInclude>
    <ClInclude Include="aq\DumpVisitor.h">
      <Filter>Header Files\aq</Filter>
    </ClInclude>
    <ClInclude Include="aq\ExprTransform.h">
      <Filter>Header Files\aq</Filter>
    </ClInclude>
    <ClInclude Include="aq\LIKE_PatternMatching.h">
      <Filter>Header Files\aq</Filter>
    </ClInclude>
    <ClInclude Include="aq\Optimizations.h">
      <Filter>Header Files\aq</Filter>
    </ClInclude>
    <ClInclude Include="aq\QueryAnalyzer.h">
      <Filter>Header Files\aq</Filter>
    </ClInclude>
    <ClInclude Include="aq\Settings.h">
      <Filter>Header Files\aq</Filter>
    </ClInclude>
    <ClInclude Include="aq\SQLPrefix.h">
      <Filter>Header Files\aq</Filter>
    </ClInclude>
    <ClInclude Include="aq\TreeUtilities.h">
      <Filter>Header Files\aq</Filter>
    </ClInclude>
    <ClInclude Include="aq\db_loader\DatabaseLoader.h">
      <Filter>Header Files\aq\db_loader</Filter>
    </ClInclude>
    <ClInclude Include="aq\verbs\AggregateVerbs.h">
      <Filter>Header Files\aq\verbs</Filter>
    </ClInclude>
    <ClInclude Include="aq\verbs\ArithmeticVerbs.h">
      <Filter>Header Files\aq\verbs</Filter>
    </ClInclude>
    <ClInclude Include="aq\verbs\AuxiliaryVerbs.h">
      <Filter>Header Files\aq\verbs</Filter>
    </ClInclude>
    <ClInclude Include="aq\verbs\CaseVerb.h">
      <Filter>Header Files\aq\verbs</Filter>
    </ClInclude>
    <ClInclude Include="aq\verbs\ComparisonVerbs.h">
      <Filter>Header Files\aq\verbs</Filter>
    </ClInclude>
    <ClInclude Include="aq\verbs\ConversionVerbs.h">
      <Filter>Header Files\aq\verbs</Filter>
    </ClInclude>
    <ClInclude Include="aq\verbs\DateVerbs.h">
      <Filter>Header Files\aq\verbs</Filter>
    </ClInclude>
    <ClInclude Include="aq\verbs\JoinVerbs.h">
      <Filter>Header Files\aq\verbs</Filter>
    </ClInclude>
    <ClInclude Include="aq\verbs\MainVerbs.h">
      <Filter>Header Files\aq\verbs</Filter>
    </ClInclude>
    <ClInclude Include="aq\verbs\OverVerbs.h">
      <Filter>Header Files\aq\verbs</Filter>
    </ClInclude>
    <ClInclude Include="aq\verbs\ScalarVerbs.h">
      <Filter>Header Files\aq\verbs</Filter>
    </ClInclude>
    <ClInclude Include="aq\verbs\Verb.h">
      <Filter>Header Files\aq\verbs</Filter>
    </ClInclude>
    <ClInclude Include="aq\verbs\VerbResult.h">
      <Filter>Header Files\aq\verbs</Filter>
    </ClInclude>
    <ClInclude Include="aq\verbs\VerbVisitor.h">
      <Filter>Header Files\aq\verbs</Filter>
    </ClInclude>
    <ClInclude Include="aq\parser\JeqParser.h">
      <Filter>Header Files\aq\parser</Filter>
    </ClInclude>
    <ClInclude Include="aq\parser\SQLParser.h">
      <Filter>Header Files\aq\parser</Filter>
    </ClInclude>
    <ClInclude Include="aq\parser\sql92_grm_tab.hpp">
      <Filter>Header Files\aq\parser</Filter>
    </ClInclude>
    <ClInclude Include="aq\parser\ID2Str.h">
      <Filter>Header Files\aq\parser</Filter>
    </ClInclude>
    <ClInclude Include="aq\verbs\VerbNode.h">
      <Filter>Header Files\aq\verbs</Filter>
    </ClInclude>
    <ClInclude Include="aq\verbs\VerbFactory.h">
      <Filter>Header Files\aq\verbs</Filter>
    </ClInclude>
    <ClInclude Include="aq\RowProcess_Intf.h">
      <Filter>Header Files\aq\row_solver</Filter>
    </ClInclude>
    <ClInclude Include="aq\RowProcesses.h">
      <Filter>Header Files\aq\row_solver</Filter>
    </ClInclude>
    <ClInclude Include="aq\RowVerbProcess.h">
      <Filter>Header Files\aq\row_solver</Filter>
    </ClInclude>
    <ClInclude Include="aq\RowWritter.h">
      <Filter>Header Files\aq\row_solver</Filter>
    </ClInclude>
    <ClInclude Include="aq\Column.h">
      <Filter>Header Files\aq\base</Filter>
    </ClInclude>
    <ClInclude Include="aq\Table.h">
      <Filter>Header Files\aq\base</Filter>
    </ClInclude>
    <ClInclude Include="aq\RowSolver.h">
      <Filter>Header Files\aq\row_solver</Filter>
    </ClInclude>
    <ClInclude Include="aq\Column2Table.h">
      <Filter>Header Files\aq\base</Filter>
    </ClInclude>
    <ClInclude Include="aq\RowTemporaryWritter.h">
      <Filter>Header Files\aq\row_solver</Filter>
    </ClInclude>
    <ClInclude Include="aq\ColumnTemporaryWritter.h">
      <Filter>Header Files\aq\row_solver</Filter>
    </ClInclude>
    <ClInclude Include="aq\TemporaryColumnMapper.h">
      <Filter>Header Files\aq</Filter>
    </ClInclude>
    <ClInclude Include="aq\ColumnMapper_Intf.h">
      <Filter>Header Files\aq</Filter>
    </ClInclude>
    <ClInclude Include="aq\Row.h">
      <Filter>Header Files\aq\row_solver</Filter>
    </ClInclude>
    <ClInclude Include="aq\Base.h">
      <Filter>Header Files\aq\base</Filter>
    </ClInclude>
    <ClInclude Include="aq\QueryResolver.h">
      <Filter>Header Files\aq</Filter>
    </ClInclude>
    <ClInclude Include="aq\statement_resolver.h">
      <Filter>Header Files\aq</Filter>
    </ClInclude>
    <ClInclude Include="aq\ApplyRowVisitor.h">
      <Filter>Header Files\aq</Filter>
    </ClInclude>
    <ClInclude Include="aq\RowBinaryWritter.h">
      <Filter>Header Files\aq\row_solver</Filter>
    </ClInclude>
    <ClInclude Include="aq\ParsException.h">
      <Filter>Header Files\aq</Filter>
    </ClInclude>
    <ClInclude Include="aq\RowTableWritter.h">
      <Filter>Header Files\aq\row_solver</Filter>
    </ClInclude>
    <ClInclude Include="aq\RowWritter_Intf.h">
      <Filter>Header Files\aq\row_solver</Filter>
    </ClInclude>
    <ClInclude Include="aq\AQThread.h">
      <Filter>Header Files\aq</Filter>
    </ClInclude>
    <ClInclude Include="aq\AQThreadRequest.h">
      <Filter>Header Files\aq</Filter>
    </ClInclude>
    <ClInclude Include="aq\ThesaurusReader.h">
      <Filter>Header Files\aq</Filter>
    </ClInclude>
  </ItemGroup>
  <ItemGroup>
    <ClCompile Include="aq\verbs\AggregateVerbs.cpp">
      <Filter>Source Files\aq\verbs</Filter>
    </ClCompile>
    <ClCompile Include="aq\verbs\ArithmeticVerbs.cpp">
      <Filter>Source Files\aq\verbs</Filter>
    </ClCompile>
    <ClCompile Include="aq\verbs\AuxiliaryVerbs.cpp">
      <Filter>Source Files\aq\verbs</Filter>
    </ClCompile>
    <ClCompile Include="aq\verbs\CaseVerb.cpp">
      <Filter>Source Files\aq\verbs</Filter>
    </ClCompile>
    <ClCompile Include="aq\verbs\ComparisonVerbs.cpp">
      <Filter>Source Files\aq\verbs</Filter>
    </ClCompile>
    <ClCompile Include="aq\verbs\ConversionVerbs.cpp">
      <Filter>Source Files\aq\verbs</Filter>
    </ClCompile>
    <ClCompile Include="aq\verbs\DateVerbs.cpp">
      <Filter>Source Files\aq\verbs</Filter>
    </ClCompile>
    <ClCompile Include="aq\verbs\JoinVerbs.cpp">
      <Filter>Source Files\aq\verbs</Filter>
    </ClCompile>
    <ClCompile Include="aq\verbs\MainVerbs.cpp">
      <Filter>Source Files\aq\verbs</Filter>
    </ClCompile>
    <ClCompile Include="aq\verbs\OverVerbs.cpp">
      <Filter>Source Files\aq\verbs</Filter>
    </ClCompile>
    <ClCompile Include="aq\verbs\ScalarVerbs.cpp">
      <Filter>Source Files\aq\verbs</Filter>
    </ClCompile>
    <ClCompile Include="aq\db_loader\DatabaseLoader.cpp">
      <Filter>Source Files\aq\db_loader</Filter>
    </ClCompile>
    <ClCompile Include="aq\AQEngine.cpp">
      <Filter>Source Files\aq</Filter>
    </ClCompile>
    <ClCompile Include="aq\AQMatrix.cpp">
      <Filter>Source Files\aq</Filter>
    </ClCompile>
    <ClCompile Include="aq\ColumnItem.cpp">
      <Filter>Source Files\aq</Filter>
    </ClCompile>
    <ClCompile Include="aq\ColumnMapper.cpp">
      <Filter>Source Files\aq</Filter>
    </ClCompile>
    <ClCompile Include="aq\DumpVisitor.cpp">
      <Filter>Source Files\aq</Filter>
    </ClCompile>
    <ClCompile Include="aq\ExprTransform.cpp">
      <Filter>Source Files\aq</Filter>
    </ClCompile>
    <ClCompile Include="aq\LIKE_PatternMatching.cpp">
      <Filter>Source Files\aq</Filter>
    </ClCompile>
    <ClCompile Include="aq\Optimizations.cpp">
      <Filter>Source Files\aq</Filter>
    </ClCompile>
    <ClCompile Include="aq\Settings.cpp">
      <Filter>Source Files\aq</Filter>
    </ClCompile>
    <ClCompile Include="aq\SQLPrefix.cpp">
      <Filter>Source Files\aq</Filter>
    </ClCompile>
    <ClCompile Include="aq\TreeUtilities.cpp">
      <Filter>Source Files\aq</Filter>
    </ClCompile>
    <ClCompile Include="aq\verbs\Verb.cpp">
      <Filter>Source Files\aq\verbs</Filter>
    </ClCompile>
    <ClCompile Include="aq\verbs\VerbResult.cpp">
      <Filter>Source Files\aq\verbs</Filter>
    </ClCompile>
    <ClCompile Include="aq\parser\JeqParser.cpp">
      <Filter>Source Files\aq\parser</Filter>
    </ClCompile>
    <ClCompile Include="aq\parser\SQLParser.cpp">
      <Filter>Source Files\aq\parser</Filter>
    </ClCompile>
    <ClCompile Include="aq\parser\lex.yy.cpp">
      <Filter>Source Files\aq\parser</Filter>
    </ClCompile>
    <ClCompile Include="aq\parser\sql92_grm_tab.cpp">
      <Filter>Source Files\aq\parser</Filter>
    </ClCompile>
    <ClCompile Include="aq\parser\ID2Str.cpp">
      <Filter>Source Files\aq\parser</Filter>
    </ClCompile>
    <ClCompile Include="aq\verbs\VerbNode.cpp">
      <Filter>Source Files\aq\verbs</Filter>
    </ClCompile>
    <ClCompile Include="aq\verbs\VerbFactory.cpp">
      <Filter>Source Files\aq\verbs</Filter>
    </ClCompile>
    <ClCompile Include="aq\RowVerbProcess.cpp">
      <Filter>Source Files\aq\row_solver</Filter>
    </ClCompile>
    <ClCompile Include="aq\RowWritter.cpp">
      <Filter>Source Files\aq\row_solver</Filter>
    </ClCompile>
    <ClCompile Include="aq\Column.cpp">
      <Filter>Source Files\aq\base</Filter>
    </ClCompile>
    <ClCompile Include="aq\Table.cpp">
      <Filter>Source Files\aq\base</Filter>
    </ClCompile>
    <ClCompile Include="aq\RowSolver.cpp">
      <Filter>Source Files\aq\row_solver</Filter>
    </ClCompile>
    <ClCompile Include="aq\Column2Table.cpp">
      <Filter>Source Files\aq\base</Filter>
    </ClCompile>
    <ClCompile Include="aq\RowTemporaryWritter.cpp">
      <Filter>Source Files\aq\row_solver</Filter>
    </ClCompile>
    <ClCompile Include="aq\TemporaryColumnMapper.cpp">
      <Filter>Source Files\aq</Filter>
    </ClCompile>
    <ClCompile Include="aq\Row.cpp">
      <Filter>Source Files\aq\row_solver</Filter>
    </ClCompile>
    <ClCompile Include="aq\Base.cpp">
      <Filter>Source Files\aq\base</Filter>
    </ClCompile>
    <ClCompile Include="aq\QueryResolver.cpp">
      <Filter>Source Files\aq</Filter>
    </ClCompile>
    <ClCompile Include="aq\statement_resolver.cpp">
      <Filter>Source Files\aq</Filter>
    </ClCompile>
    <ClCompile Include="aq\ApplyRowVisitor.cpp">
      <Filter>Source Files\aq</Filter>
    </ClCompile>
    <ClCompile Include="aq\RowBinaryWritter.cpp">
      <Filter>Source Files\aq\row_solver</Filter>
    </ClCompile>
    <ClCompile Include="aq\ParsException.cpp">
      <Filter>Source Files\aq</Filter>
    </ClCompile>
    <ClCompile Include="aq\RowTableWritter.cpp">
      <Filter>Source Files\aq\row_solver</Filter>
    </ClCompile>
  </ItemGroup>
</Project>